
Microsoft Visual Studio Solution File, Format Version 12.00
# Visual Studio 15
VisualStudioVersion = 15.0.27703.2035
MinimumVisualStudioVersion = 10.0.40219.1
Project("{9092AA53-FB77-4645-B42D-1CCCA6BD08BD}") = "NodejsWebApp1", "NodejsWebApp1\NodejsWebApp1.njsproj", "{F722F79C-FA1C-4F82-A898-E82343342BAB}"
EndProject
Global
	GlobalSection(SolutionConfigurationPlatforms) = preSolution
		Debug|Any CPU = Debug|Any CPU
		Release|Any CPU = Release|Any CPU
	EndGlobalSection
	GlobalSection(ProjectConfigurationPlatforms) = postSolution
		{F722F79C-FA1C-4F82-A898-E82343342BAB}.Debug|Any CPU.ActiveCfg = Debug|Any CPU
		{F722F79C-FA1C-4F82-A898-E82343342BAB}.Debug|Any CPU.Build.0 = Debug|Any CPU
		{F722F79C-FA1C-4F82-A898-E82343342BAB}.Release|Any CPU.ActiveCfg = Release|Any CPU
		{F722F79C-FA1C-4F82-A898-E82343342BAB}.Release|Any CPU.Build.0 = Release|Any CPU
	EndGlobalSection
	GlobalSection(SolutionProperties) = preSolution
		HideSolutionNode = FALSE
	EndGlobalSection
	GlobalSection(ExtensibilityGlobals) = postSolution
		SolutionGuid = {685ABD88-E132-453E-85DE-2F60C6CBA4E9}
	EndGlobalSection
EndGlobal
